
Microsoft Visual Studio Solution File, Format Version 12.00
# Visual Studio Version 17
VisualStudioVersion = 17.0.31903.59
MinimumVisualStudioVersion = 10.0.40219.1
Project("{FAE04EC0-301F-11D3-BF4B-00C04F79EFBC}") = "API", "API\API.csproj", "{FC23C840-AA1A-482E-AC70-12EB1C661F5A}"
EndProject
Project("{FAE04EC0-301F-11D3-BF4B-00C04F79EFBC}") = "Core", "Core\Core.csproj", "{65F5EE85-B9AF-4BC6-BF4D-5F52FB1A1F60}"
EndProject
Project("{FAE04EC0-301F-11D3-BF4B-00C04F79EFBC}") = "Infrastructure", "Infrastructure\Infrastructure.csproj", "{B598455E-5BC3-4C98-8D98-678FA4562CE0}"
EndProject
Global
	GlobalSection(SolutionConfigurationPlatforms) = preSolution
		Debug|Any CPU = Debug|Any CPU
		Debug|x64 = Debug|x64
		Debug|x86 = Debug|x86
		Release|Any CPU = Release|Any CPU
		Release|x64 = Release|x64
		Release|x86 = Release|x86
	EndGlobalSection
	GlobalSection(ProjectConfigurationPlatforms) = postSolution
		{FC23C840-AA1A-482E-AC70-12EB1C661F5A}.Debug|Any CPU.ActiveCfg = Debug|Any CPU
		{FC23C840-AA1A-482E-AC70-12EB1C661F5A}.Debug|Any CPU.Build.0 = Debug|Any CPU
		{FC23C840-AA1A-482E-AC70-12EB1C661F5A}.Debug|x64.ActiveCfg = Debug|Any CPU
		{FC23C840-AA1A-482E-AC70-12EB1C661F5A}.Debug|x64.Build.0 = Debug|Any CPU
		{FC23C840-AA1A-482E-AC70-12EB1C661F5A}.Debug|x86.ActiveCfg = Debug|Any CPU
		{FC23C840-AA1A-482E-AC70-12EB1C661F5A}.Debug|x86.Build.0 = Debug|Any CPU
		{FC23C840-AA1A-482E-AC70-12EB1C661F5A}.Release|Any CPU.ActiveCfg = Release|Any CPU
		{FC23C840-AA1A-482E-AC70-12EB1C661F5A}.Release|Any CPU.Build.0 = Release|Any CPU
		{FC23C840-AA1A-482E-AC70-12EB1C661F5A}.Release|x64.ActiveCfg = Release|Any CPU
		{FC23C840-AA1A-482E-AC70-12EB1C661F5A}.Release|x64.Build.0 = Release|Any CPU
		{FC23C840-AA1A-482E-AC70-12EB1C661F5A}.Release|x86.ActiveCfg = Release|Any CPU
		{FC23C840-AA1A-482E-AC70-12EB1C661F5A}.Release|x86.Build.0 = Release|Any CPU
		{65F5EE85-B9AF-4BC6-BF4D-5F52FB1A1F60}.Debug|Any CPU.ActiveCfg = Debug|Any CPU
		{65F5EE85-B9AF-4BC6-BF4D-5F52FB1A1F60}.Debug|Any CPU.Build.0 = Debug|Any CPU
		{65F5EE85-B9AF-4BC6-BF4D-5F52FB1A1F60}.Debug|x64.ActiveCfg = Debug|Any CPU
		{65F5EE85-B9AF-4BC6-BF4D-5F52FB1A1F60}.Debug|x64.Build.0 = Debug|Any CPU
		{65F5EE85-B9AF-4BC6-BF4D-5F52FB1A1F60}.Debug|x86.ActiveCfg = Debug|Any CPU
		{65F5EE85-B9AF-4BC6-BF4D-5F52FB1A1F60}.Debug|x86.Build.0 = Debug|Any CPU
		{65F5EE85-B9AF-4BC6-BF4D-5F52FB1A1F60}.Release|Any CPU.ActiveCfg = Release|Any CPU
		{65F5EE85-B9AF-4BC6-BF4D-5F52FB1A1F60}.Release|Any CPU.Build.0 = Release|Any CPU
		{65F5EE85-B9AF-4BC6-BF4D-5F52FB1A1F60}.Release|x64.ActiveCfg = Release|Any CPU
		{65F5EE85-B9AF-4BC6-BF4D-5F52FB1A1F60}.Release|x64.Build.0 = Release|Any CPU
		{65F5EE85-B9AF-4BC6-BF4D-5F52FB1A1F60}.Release|x86.ActiveCfg = Release|Any CPU
		{65F5EE85-B9AF-4BC6-BF4D-5F52FB1A1F60}.Release|x86.Build.0 = Release|Any CPU
		{B598455E-5BC3-4C98-8D98-678FA4562CE0}.Debug|Any CPU.ActiveCfg = Debug|Any CPU
		{B598455E-5BC3-4C98-8D98-678FA4562CE0}.Debug|Any CPU.Build.0 = Debug|Any CPU
		{B598455E-5BC3-4C98-8D98-678FA4562CE0}.Debug|x64.ActiveCfg = Debug|Any CPU
		{B598455E-5BC3-4C98-8D98-678FA4562CE0}.Debug|x64.Build.0 = Debug|Any CPU
		{B598455E-5BC3-4C98-8D98-678FA4562CE0}.Debug|x86.ActiveCfg = Debug|Any CPU
		{B598455E-5BC3-4C98-8D98-678FA4562CE0}.Debug|x86.Build.0 = Debug|Any CPU
		{B598455E-5BC3-4C98-8D98-678FA4562CE0}.Release|Any CPU.ActiveCfg = Release|Any CPU
		{B598455E-5BC3-4C98-8D98-678FA4562CE0}.Release|Any CPU.Build.0 = Release|Any CPU
		{B598455E-5BC3-4C98-8D98-678FA4562CE0}.Release|x64.ActiveCfg = Release|Any CPU
		{B598455E-5BC3-4C98-8D98-678FA4562CE0}.Release|x64.Build.0 = Release|Any CPU
		{B598455E-5BC3-4C98-8D98-678FA4562CE0}.Release|x86.ActiveCfg = Release|Any CPU
		{B598455E-5BC3-4C98-8D98-678FA4562CE0}.Release|x86.Build.0 = Release|Any CPU
	EndGlobalSection
	GlobalSection(SolutionProperties) = preSolution
		HideSolutionNode = FALSE
	EndGlobalSection
EndGlobal
